
Microsoft Visual Studio Solution File, Format Version 10.00
# Visual Studio 2008
Project("{FAE04EC0-301F-11D3-BF4B-00C04F79EFBC}") = "PWMS", "PWMS\PWMS.csproj", "{80DD8D40-6109-450B-8141-DE259C97254E}"
EndProject
Global
	GlobalSection(SolutionConfigurationPlatforms) = preSolution
		Debug|Any CPU = Debug|Any CPU
		Release|Any CPU = Release|Any CPU
	EndGlobalSection
	GlobalSection(ProjectConfigurationPlatforms) = postSolution
		{80DD8D40-6109-450B-8141-DE259C97254E}.Debug|Any CPU.ActiveCfg = Debug|Any CPU
		{80DD8D40-6109-450B-8141-DE259C97254E}.Debug|Any CPU.Build.0 = Debug|Any CPU
		{80DD8D40-6109-450B-8141-DE259C97254E}.Release|Any CPU.ActiveCfg = Release|Any CPU
		{80DD8D40-6109-450B-8141-DE259C97254E}.Release|Any CPU.Build.0 = Release|Any CPU
	EndGlobalSection
	GlobalSection(SolutionProperties) = preSolution
		HideSolutionNode = FALSE
	EndGlobalSection
EndGlobal
